
Microsoft Visual Studio Solution File, Format Version 12.00
# Visual Studio Version 17
VisualStudioVersion = 17.8.34316.72
MinimumVisualStudioVersion = 10.0.40219.1
Project("{FAE04EC0-301F-11D3-BF4B-00C04F79EFBC}") = "HospitalApi", "HospitalApi.csproj", "{84A3FE8C-7444-4E67-8CF5-B182CCF588EC}"
EndProject
Global
	GlobalSection(SolutionConfigurationPlatforms) = preSolution
		Debug|Any CPU = Debug|Any CPU
		Release|Any CPU = Release|Any CPU
	EndGlobalSection
	GlobalSection(ProjectConfigurationPlatforms) = postSolution
		{84A3FE8C-7444-4E67-8CF5-B182CCF588EC}.Debug|Any CPU.ActiveCfg = Debug|Any CPU
		{84A3FE8C-7444-4E67-8CF5-B182CCF588EC}.Debug|Any CPU.Build.0 = Debug|Any CPU
		{84A3FE8C-7444-4E67-8CF5-B182CCF588EC}.Release|Any CPU.ActiveCfg = Release|Any CPU
		{84A3FE8C-7444-4E67-8CF5-B182CCF588EC}.Release|Any CPU.Build.0 = Release|Any CPU
	EndGlobalSection
	GlobalSection(SolutionProperties) = preSolution
		HideSolutionNode = FALSE
	EndGlobalSection
	GlobalSection(ExtensibilityGlobals) = postSolution
		SolutionGuid = {A2A1425D-85A9-445F-988B-3746D62239DB}
	EndGlobalSection
EndGlobal
